
Microsoft Visual Studio Solution File, Format Version 12.00
# Visual Studio 15
VisualStudioVersion = 15.0.27703.1
MinimumVisualStudioVersion = 10.0.40219.1
Project("{FAE04EC0-301F-11D3-BF4B-00C04F79EFBC}") = "1.12 Events", "1.12 Events\1.12 Events.csproj", "{BFC7B08F-B3A6-4F90-9450-5B30AC6B3ADD}"
EndProject
Global
	GlobalSection(SolutionConfigurationPlatforms) = preSolution
		Debug|Any CPU = Debug|Any CPU
		Release|Any CPU = Release|Any CPU
	EndGlobalSection
	GlobalSection(ProjectConfigurationPlatforms) = postSolution
		{BFC7B08F-B3A6-4F90-9450-5B30AC6B3ADD}.Debug|Any CPU.ActiveCfg = Debug|Any CPU
		{BFC7B08F-B3A6-4F90-9450-5B30AC6B3ADD}.Debug|Any CPU.Build.0 = Debug|Any CPU
		{BFC7B08F-B3A6-4F90-9450-5B30AC6B3ADD}.Release|Any CPU.ActiveCfg = Release|Any CPU
		{BFC7B08F-B3A6-4F90-9450-5B30AC6B3ADD}.Release|Any CPU.Build.0 = Release|Any CPU
	EndGlobalSection
	GlobalSection(SolutionProperties) = preSolution
		HideSolutionNode = FALSE
	EndGlobalSection
	GlobalSection(ExtensibilityGlobals) = postSolution
		SolutionGuid = {58799A24-1B25-4AC7-A307-BA0A400072E5}
	EndGlobalSection
EndGlobal
