
Microsoft Visual Studio Solution File, Format Version 12.00
# Visual Studio 15
VisualStudioVersion = 15.0.28307.489
MinimumVisualStudioVersion = 10.0.40219.1
Project("{FAE04EC0-301F-11D3-BF4B-00C04F79EFBC}") = "TESTDB", "TESTDB\TESTDB.csproj", "{EB278A40-EC87-4C46-B2CF-861C7F7450D2}"
EndProject
Global
	GlobalSection(SolutionConfigurationPlatforms) = preSolution
		Debug|Any CPU = Debug|Any CPU
		Release|Any CPU = Release|Any CPU
	EndGlobalSection
	GlobalSection(ProjectConfigurationPlatforms) = postSolution
		{EB278A40-EC87-4C46-B2CF-861C7F7450D2}.Debug|Any CPU.ActiveCfg = Debug|Any CPU
		{EB278A40-EC87-4C46-B2CF-861C7F7450D2}.Debug|Any CPU.Build.0 = Debug|Any CPU
		{EB278A40-EC87-4C46-B2CF-861C7F7450D2}.Release|Any CPU.ActiveCfg = Release|Any CPU
		{EB278A40-EC87-4C46-B2CF-861C7F7450D2}.Release|Any CPU.Build.0 = Release|Any CPU
	EndGlobalSection
	GlobalSection(SolutionProperties) = preSolution
		HideSolutionNode = FALSE
	EndGlobalSection
	GlobalSection(ExtensibilityGlobals) = postSolution
		SolutionGuid = {64E27AE5-CCD0-4038-A772-46FAA3C11015}
	EndGlobalSection
EndGlobal
