
Microsoft Visual Studio Solution File, Format Version 12.00
# Visual Studio 15
VisualStudioVersion = 15.0.28307.489
MinimumVisualStudioVersion = 10.0.40219.1
Project("{2150E333-8FDC-42A3-9474-1A3956D46DE8}") = "db", "db", "{814705CD-D2E7-4718-BFF8-03A6762C2517}"
EndProject
Project("{00D1A9C2-B5F0-4AF3-8072-F6C62B433612}") = "App.Database", "App.Database\App.Database.sqlproj", "{6406FC4C-765C-46A4-BABC-99B6E0AAE67B}"
EndProject
Project("{2150E333-8FDC-42A3-9474-1A3956D46DE8}") = "src", "src", "{84393422-0D87-4AAE-95B2-0E82B6DB674E}"
EndProject
Project("{2150E333-8FDC-42A3-9474-1A3956D46DE8}") = "test", "test", "{CDB69C73-8B32-43BA-AC91-A539EE666A48}"
EndProject
Project("{2150E333-8FDC-42A3-9474-1A3956D46DE8}") = "Data", "Data", "{965BF3C7-FF7B-40A7-88FB-F7A17AB8236F}"
EndProject
Project("{2150E333-8FDC-42A3-9474-1A3956D46DE8}") = "Infrastructure", "Infrastructure", "{62EA6DC0-5DDA-43EA-8935-1DE447A92B8F}"
EndProject
Project("{2150E333-8FDC-42A3-9474-1A3956D46DE8}") = "Presentation", "Presentation", "{30DFE3BE-B045-4178-80DB-5232D94CD639}"
EndProject
Project("{2150E333-8FDC-42A3-9474-1A3956D46DE8}") = "Services", "Services", "{9B650100-F4FD-461E-91D9-8DEEB485E994}"
EndProject
Project("{9A19103F-16F7-4668-BE54-9A1E7A4F7556}") = "App.Data", "App.Data\App.Data.csproj", "{9ADB92A4-D51B-461B-BD54-F8C444F99914}"
EndProject
Project("{9A19103F-16F7-4668-BE54-9A1E7A4F7556}") = "App.Data.Domain", "App.Data.Domain\App.Data.Domain.csproj", "{DF3F88AE-F5B6-481D-8590-656CED5A957D}"
EndProject
Project("{9A19103F-16F7-4668-BE54-9A1E7A4F7556}") = "App.Data.Interfaces", "App.Data.Interfaces\App.Data.Interfaces.csproj", "{01F38C63-598E-4804-BB20-9803ABDE2152}"
EndProject
Project("{9A19103F-16F7-4668-BE54-9A1E7A4F7556}") = "App.Infrastructure", "App.Infrastructure\App.Infrastructure.csproj", "{2E80D290-F5C8-41B9-A7F4-EE5DD43F876A}"
EndProject
Project("{9A19103F-16F7-4668-BE54-9A1E7A4F7556}") = "App.Services", "App.Services\App.Services.csproj", "{2F0E41BA-A300-4FBB-8AA2-E206263456C3}"
EndProject
Project("{9A19103F-16F7-4668-BE54-9A1E7A4F7556}") = "App.Services.Dtos", "App.Services.Dtos\App.Services.Dtos.csproj", "{A0CAEF40-55B0-412A-A88D-3F241528B776}"
EndProject
Project("{9A19103F-16F7-4668-BE54-9A1E7A4F7556}") = "App.Services.Interfaces", "App.Services.Interfaces\App.Services.Interfaces.csproj", "{7BA91811-0508-46A1-B75A-276837A2A442}"
EndProject
Project("{9A19103F-16F7-4668-BE54-9A1E7A4F7556}") = "App.Unit.Tests", "App.Unit.Tests\App.Unit.Tests.csproj", "{5D4919E1-64FD-4A87-AB5E-7B10C8C261A4}"
EndProject
Project("{FAE04EC0-301F-11D3-BF4B-00C04F79EFBC}") = "App.Web", "App.Web\App.Web.csproj", "{89430DD4-3B5A-4DB6-90D2-27F1F382DEE8}"
EndProject
Global
	GlobalSection(SolutionConfigurationPlatforms) = preSolution
		Debug|Any CPU = Debug|Any CPU
		Release|Any CPU = Release|Any CPU
	EndGlobalSection
	GlobalSection(ProjectConfigurationPlatforms) = postSolution
		{6406FC4C-765C-46A4-BABC-99B6E0AAE67B}.Debug|Any CPU.ActiveCfg = Debug|Any CPU
		{6406FC4C-765C-46A4-BABC-99B6E0AAE67B}.Debug|Any CPU.Build.0 = Debug|Any CPU
		{6406FC4C-765C-46A4-BABC-99B6E0AAE67B}.Debug|Any CPU.Deploy.0 = Debug|Any CPU
		{6406FC4C-765C-46A4-BABC-99B6E0AAE67B}.Release|Any CPU.ActiveCfg = Release|Any CPU
		{6406FC4C-765C-46A4-BABC-99B6E0AAE67B}.Release|Any CPU.Build.0 = Release|Any CPU
		{6406FC4C-765C-46A4-BABC-99B6E0AAE67B}.Release|Any CPU.Deploy.0 = Release|Any CPU
		{9ADB92A4-D51B-461B-BD54-F8C444F99914}.Debug|Any CPU.ActiveCfg = Debug|Any CPU
		{9ADB92A4-D51B-461B-BD54-F8C444F99914}.Debug|Any CPU.Build.0 = Debug|Any CPU
		{9ADB92A4-D51B-461B-BD54-F8C444F99914}.Release|Any CPU.ActiveCfg = Release|Any CPU
		{9ADB92A4-D51B-461B-BD54-F8C444F99914}.Release|Any CPU.Build.0 = Release|Any CPU
		{DF3F88AE-F5B6-481D-8590-656CED5A957D}.Debug|Any CPU.ActiveCfg = Debug|Any CPU
		{DF3F88AE-F5B6-481D-8590-656CED5A957D}.Debug|Any CPU.Build.0 = Debug|Any CPU
		{DF3F88AE-F5B6-481D-8590-656CED5A957D}.Release|Any CPU.ActiveCfg = Release|Any CPU
		{DF3F88AE-F5B6-481D-8590-656CED5A957D}.Release|Any CPU.Build.0 = Release|Any CPU
		{01F38C63-598E-4804-BB20-9803ABDE2152}.Debug|Any CPU.ActiveCfg = Debug|Any CPU
		{01F38C63-598E-4804-BB20-9803ABDE2152}.Debug|Any CPU.Build.0 = Debug|Any CPU
		{01F38C63-598E-4804-BB20-9803ABDE2152}.Release|Any CPU.ActiveCfg = Release|Any CPU
		{01F38C63-598E-4804-BB20-9803ABDE2152}.Release|Any CPU.Build.0 = Release|Any CPU
		{2E80D290-F5C8-41B9-A7F4-EE5DD43F876A}.Debug|Any CPU.ActiveCfg = Debug|Any CPU
		{2E80D290-F5C8-41B9-A7F4-EE5DD43F876A}.Debug|Any CPU.Build.0 = Debug|Any CPU
		{2E80D290-F5C8-41B9-A7F4-EE5DD43F876A}.Release|Any CPU.ActiveCfg = Release|Any CPU
		{2E80D290-F5C8-41B9-A7F4-EE5DD43F876A}.Release|Any CPU.Build.0 = Release|Any CPU
		{2F0E41BA-A300-4FBB-8AA2-E206263456C3}.Debug|Any CPU.ActiveCfg = Debug|Any CPU
		{2F0E41BA-A300-4FBB-8AA2-E206263456C3}.Debug|Any CPU.Build.0 = Debug|Any CPU
		{2F0E41BA-A300-4FBB-8AA2-E206263456C3}.Release|Any CPU.ActiveCfg = Release|Any CPU
		{2F0E41BA-A300-4FBB-8AA2-E206263456C3}.Release|Any CPU.Build.0 = Release|Any CPU
		{A0CAEF40-55B0-412A-A88D-3F241528B776}.Debug|Any CPU.ActiveCfg = Debug|Any CPU
		{A0CAEF40-55B0-412A-A88D-3F241528B776}.Debug|Any CPU.Build.0 = Debug|Any CPU
		{A0CAEF40-55B0-412A-A88D-3F241528B776}.Release|Any CPU.ActiveCfg = Release|Any CPU
		{A0CAEF40-55B0-412A-A88D-3F241528B776}.Release|Any CPU.Build.0 = Release|Any CPU
		{7BA91811-0508-46A1-B75A-276837A2A442}.Debug|Any CPU.ActiveCfg = Debug|Any CPU
		{7BA91811-0508-46A1-B75A-276837A2A442}.Debug|Any CPU.Build.0 = Debug|Any CPU
		{7BA91811-0508-46A1-B75A-276837A2A442}.Release|Any CPU.ActiveCfg = Release|Any CPU
		{7BA91811-0508-46A1-B75A-276837A2A442}.Release|Any CPU.Build.0 = Release|Any CPU
		{5D4919E1-64FD-4A87-AB5E-7B10C8C261A4}.Debug|Any CPU.ActiveCfg = Debug|Any CPU
		{5D4919E1-64FD-4A87-AB5E-7B10C8C261A4}.Debug|Any CPU.Build.0 = Debug|Any CPU
		{5D4919E1-64FD-4A87-AB5E-7B10C8C261A4}.Release|Any CPU.ActiveCfg = Release|Any CPU
		{5D4919E1-64FD-4A87-AB5E-7B10C8C261A4}.Release|Any CPU.Build.0 = Release|Any CPU
		{89430DD4-3B5A-4DB6-90D2-27F1F382DEE8}.Debug|Any CPU.ActiveCfg = Debug|Any CPU
		{89430DD4-3B5A-4DB6-90D2-27F1F382DEE8}.Debug|Any CPU.Build.0 = Debug|Any CPU
		{89430DD4-3B5A-4DB6-90D2-27F1F382DEE8}.Release|Any CPU.ActiveCfg = Release|Any CPU
		{89430DD4-3B5A-4DB6-90D2-27F1F382DEE8}.Release|Any CPU.Build.0 = Release|Any CPU
	EndGlobalSection
	GlobalSection(SolutionProperties) = preSolution
		HideSolutionNode = FALSE
	EndGlobalSection
	GlobalSection(NestedProjects) = preSolution
		{6406FC4C-765C-46A4-BABC-99B6E0AAE67B} = {814705CD-D2E7-4718-BFF8-03A6762C2517}
		{965BF3C7-FF7B-40A7-88FB-F7A17AB8236F} = {84393422-0D87-4AAE-95B2-0E82B6DB674E}
		{62EA6DC0-5DDA-43EA-8935-1DE447A92B8F} = {84393422-0D87-4AAE-95B2-0E82B6DB674E}
		{30DFE3BE-B045-4178-80DB-5232D94CD639} = {84393422-0D87-4AAE-95B2-0E82B6DB674E}
		{9B650100-F4FD-461E-91D9-8DEEB485E994} = {84393422-0D87-4AAE-95B2-0E82B6DB674E}
		{9ADB92A4-D51B-461B-BD54-F8C444F99914} = {965BF3C7-FF7B-40A7-88FB-F7A17AB8236F}
		{DF3F88AE-F5B6-481D-8590-656CED5A957D} = {965BF3C7-FF7B-40A7-88FB-F7A17AB8236F}
		{01F38C63-598E-4804-BB20-9803ABDE2152} = {965BF3C7-FF7B-40A7-88FB-F7A17AB8236F}
		{2E80D290-F5C8-41B9-A7F4-EE5DD43F876A} = {62EA6DC0-5DDA-43EA-8935-1DE447A92B8F}
		{2F0E41BA-A300-4FBB-8AA2-E206263456C3} = {9B650100-F4FD-461E-91D9-8DEEB485E994}
		{A0CAEF40-55B0-412A-A88D-3F241528B776} = {9B650100-F4FD-461E-91D9-8DEEB485E994}
		{7BA91811-0508-46A1-B75A-276837A2A442} = {9B650100-F4FD-461E-91D9-8DEEB485E994}
		{5D4919E1-64FD-4A87-AB5E-7B10C8C261A4} = {CDB69C73-8B32-43BA-AC91-A539EE666A48}
		{89430DD4-3B5A-4DB6-90D2-27F1F382DEE8} = {30DFE3BE-B045-4178-80DB-5232D94CD639}
	EndGlobalSection
	GlobalSection(ExtensibilityGlobals) = postSolution
		SolutionGuid = {27CA1BFD-0DAC-4336-9BE8-E0DBAF8256D3}
	EndGlobalSection
EndGlobal
