
Microsoft Visual Studio Solution File, Format Version 12.00
# Visual Studio 15
VisualStudioVersion = 15.0.28307.489
MinimumVisualStudioVersion = 10.0.40219.1
Project("{FAE04EC0-301F-11D3-BF4B-00C04F79EFBC}") = "CustomIdentityApp", "CustomIdentityApp\CustomIdentityApp.csproj", "{D3D313CD-5CE9-4AE1-9AF9-89A5E46839EF}"
EndProject
Global
	GlobalSection(SolutionConfigurationPlatforms) = preSolution
		Debug|Any CPU = Debug|Any CPU
		Release|Any CPU = Release|Any CPU
	EndGlobalSection
	GlobalSection(ProjectConfigurationPlatforms) = postSolution
		{D3D313CD-5CE9-4AE1-9AF9-89A5E46839EF}.Debug|Any CPU.ActiveCfg = Debug|Any CPU
		{D3D313CD-5CE9-4AE1-9AF9-89A5E46839EF}.Debug|Any CPU.Build.0 = Debug|Any CPU
		{D3D313CD-5CE9-4AE1-9AF9-89A5E46839EF}.Release|Any CPU.ActiveCfg = Release|Any CPU
		{D3D313CD-5CE9-4AE1-9AF9-89A5E46839EF}.Release|Any CPU.Build.0 = Release|Any CPU
	EndGlobalSection
	GlobalSection(SolutionProperties) = preSolution
		HideSolutionNode = FALSE
	EndGlobalSection
	GlobalSection(ExtensibilityGlobals) = postSolution
		SolutionGuid = {9823C123-598D-4FB7-BE37-EDF3D71BC0F0}
	EndGlobalSection
EndGlobal
